// !$*UTF8*$!
{
	archiveVersion = 1;
	classes = {
	};
	objectVersion = 56;
	objects = {

/* Begin PBXBuildFile section */
		3E79AC3D2C8FF281006779D3 /* LibreCopiaApp.swift in Sources */ = {isa = PBXBuildFile; fileRef = 3E79AC3C2C8FF281006779D3 /* LibreCopiaApp.swift */; };
		3E79AC3F2C8FF281006779D3 /* ContentView.swift in Sources */ = {isa = PBXBuildFile; fileRef = 3E79AC3E2C8FF281006779D3 /* ContentView.swift */; };
		3E79AC412C8FF282006779D3 /* Assets.xcassets in Resources */ = {isa = PBXBuildFile; fileRef = 3E79AC402C8FF282006779D3 /* Assets.xcassets */; };
		3E79AC442C8FF282006779D3 /* Preview Assets.xcassets in Resources */ = {isa = PBXBuildFile; fileRef = 3E79AC432C8FF282006779D3 /* Preview Assets.xcassets */; };
		3E79AC4E2C8FF282006779D3 /* LibreCopiaTests.swift in Sources */ = {isa = PBXBuildFile; fileRef = 3E79AC4D2C8FF282006779D3 /* LibreCopiaTests.swift */; };
		3E79AC582C8FF282006779D3 /* LibreCopiaUITests.swift in Sources */ = {isa = PBXBuildFile; fileRef = 3E79AC572C8FF282006779D3 /* LibreCopiaUITests.swift */; };
		3E79AC5A2C8FF282006779D3 /* LibreCopiaUITestsLaunchTests.swift in Sources */ = {isa = PBXBuildFile; fileRef = 3E79AC592C8FF282006779D3 /* LibreCopiaUITestsLaunchTests.swift */; };
/* End PBXBuildFile section */

/* Begin PBXContainerItemProxy section */
		3E79AC4A2C8FF282006779D3 /* PBXContainerItemProxy */ = {
			isa = PBXContainerItemProxy;
			containerPortal = 3E79AC312C8FF280006779D3 /* Project object */;
			proxyType = 1;
			remoteGlobalIDString = 3E79AC382C8FF280006779D3;
			remoteInfo = LibreCopia;
		};
		3E79AC542C8FF282006779D3 /* PBXContainerItemProxy */ = {
			isa = PBXContainerItemProxy;
			containerPortal = 3E79AC312C8FF280006779D3 /* Project object */;
			proxyType = 1;
			remoteGlobalIDString = 3E79AC382C8FF280006779D3;
			remoteInfo = LibreCopia;
		};
/* End PBXContainerItemProxy section */

/* Begin PBXFileReference section */
		3E79AC392C8FF281006779D3 /* LibreCopia.app */ = {isa = PBXFileReference; explicitFileType = wrapper.application; includeInIndex = 0; path = LibreCopia.app; sourceTree = BUILT_PRODUCTS_DIR; };
		3E79AC3C2C8FF281006779D3 /* LibreCopiaApp.swift */ = {isa = PBXFileReference; lastKnownFileType = sourcecode.swift; path = LibreCopiaApp.swift; sourceTree = "<group>"; };
		3E79AC3E2C8FF281006779D3 /* ContentView.swift */ = {isa = PBXFileReference; lastKnownFileType = sourcecode.swift; path = ContentView.swift; sourceTree = "<group>"; };
		3E79AC402C8FF282006779D3 /* Assets.xcassets */ = {isa = PBXFileReference; lastKnownFileType = folder.assetcatalog; path = Assets.xcassets; sourceTree = "<group>"; };
		3E79AC432C8FF282006779D3 /* Preview Assets.xcassets */ = {isa = PBXFileReference; lastKnownFileType = folder.assetcatalog; path = "Preview Assets.xcassets"; sourceTree = "<group>"; };
		3E79AC492C8FF282006779D3 /* LibreCopiaTests.xctest */ = {isa = PBXFileReference; explicitFileType = wrapper.cfbundle; includeInIndex = 0; path = LibreCopiaTests.xctest; sourceTree = BUILT_PRODUCTS_DIR; };
		3E79AC4D2C8FF282006779D3 /* LibreCopiaTests.swift */ = {isa = PBXFileReference; lastKnownFileType = sourcecode.swift; path = LibreCopiaTests.swift; sourceTree = "<group>"; };
		3E79AC532C8FF282006779D3 /* LibreCopiaUITests.xctest */ = {isa = PBXFileReference; explicitFileType = wrapper.cfbundle; includeInIndex = 0; path = LibreCopiaUITests.xctest; sourceTree = BUILT_PRODUCTS_DIR; };
		3E79AC572C8FF282006779D3 /* LibreCopiaUITests.swift */ = {isa = PBXFileReference; lastKnownFileType = sourcecode.swift; path = LibreCopiaUITests.swift; sourceTree = "<group>"; };
		3E79AC592C8FF282006779D3 /* LibreCopiaUITestsLaunchTests.swift */ = {isa = PBXFileReference; lastKnownFileType = sourcecode.swift; path = LibreCopiaUITestsLaunchTests.swift; sourceTree = "<group>"; };
/* End PBXFileReference section */

/* Begin PBXFrameworksBuildPhase section */
		3E79AC362C8FF280006779D3 /* Frameworks */ = {
			isa = PBXFrameworksBuildPhase;
			buildActionMask = 2147483647;
			files = (
			);
			runOnlyForDeploymentPostprocessing = 0;
		};
		3E79AC462C8FF282006779D3 /* Frameworks */ = {
			isa = PBXFrameworksBuildPhase;
			buildActionMask = 2147483647;
			files = (
			);
			runOnlyForDeploymentPostprocessing = 0;
		};
		3E79AC502C8FF282006779D3 /* Frameworks */ = {
			isa = PBXFrameworksBuildPhase;
			buildActionMask = 2147483647;
			files = (
			);
			runOnlyForDeploymentPostprocessing = 0;
		};
/* End PBXFrameworksBuildPhase section */

/* Begin PBXGroup section */
		3E79AC302C8FF280006779D3 = {
			isa = PBXGroup;
			children = (
				3E79AC3B2C8FF281006779D3 /* LibreCopia */,
				3E79AC4C2C8FF282006779D3 /* LibreCopiaTests */,
				3E79AC562C8FF282006779D3 /* LibreCopiaUITests */,
				3E79AC3A2C8FF281006779D3 /* Products */,
			);
			sourceTree = "<group>";
		};
		3E79AC3A2C8FF281006779D3 /* Products */ = {
			isa = PBXGroup;
			children = (
				3E79AC392C8FF281006779D3 /* LibreCopia.app */,
				3E79AC492C8FF282006779D3 /* LibreCopiaTests.xctest */,
				3E79AC532C8FF282006779D3 /* LibreCopiaUITests.xctest */,
			);
			name = Products;
			sourceTree = "<group>";
		};
		3E79AC3B2C8FF281006779D3 /* LibreCopia */ = {
			isa = PBXGroup;
			children = (
				3E79AC3C2C8FF281006779D3 /* LibreCopiaApp.swift */,
				3E79AC3E2C8FF281006779D3 /* ContentView.swift */,
				3E79AC402C8FF282006779D3 /* Assets.xcassets */,
				3E79AC422C8FF282006779D3 /* Preview Content */,
			);
			path = LibreCopia;
			sourceTree = "<group>";
		};
		3E79AC422C8FF282006779D3 /* Preview Content */ = {
			isa = PBXGroup;
			children = (
				3E79AC432C8FF282006779D3 /* Preview Assets.xcassets */,
			);
			path = "Preview Content";
			sourceTree = "<group>";
		};
		3E79AC4C2C8FF282006779D3 /* LibreCopiaTests */ = {
			isa = PBXGroup;
			children = (
				3E79AC4D2C8FF282006779D3 /* LibreCopiaTests.swift */,
			);
			path = LibreCopiaTests;
			sourceTree = "<group>";
		};
		3E79AC562C8FF282006779D3 /* LibreCopiaUITests */ = {
			isa = PBXGroup;
			children = (
				3E79AC572C8FF282006779D3 /* LibreCopiaUITests.swift */,
				3E79AC592C8FF282006779D3 /* LibreCopiaUITestsLaunchTests.swift */,
			);
			path = LibreCopiaUITests;
			sourceTree = "<group>";
		};
/* End PBXGroup section */

/* Begin PBXNativeTarget section */
		3E79AC382C8FF280006779D3 /* LibreCopia */ = {
			isa = PBXNativeTarget;
			buildConfigurationList = 3E79AC5D2C8FF282006779D3 /* Build configuration list for PBXNativeTarget "LibreCopia" */;
			buildPhases = (
				3E79AC352C8FF280006779D3 /* Sources */,
				3E79AC362C8FF280006779D3 /* Frameworks */,
				3E79AC372C8FF280006779D3 /* Resources */,
			);
			buildRules = (
			);
			dependencies = (
			);
			name = LibreCopia;
			productName = LibreCopia;
			productReference = 3E79AC392C8FF281006779D3 /* LibreCopia.app */;
			productType = "com.apple.product-type.application";
		};
		3E79AC482C8FF282006779D3 /* LibreCopiaTests */ = {
			isa = PBXNativeTarget;
			buildConfigurationList = 3E79AC602C8FF282006779D3 /* Build configuration list for PBXNativeTarget "LibreCopiaTests" */;
			buildPhases = (
				3E79AC452C8FF282006779D3 /* Sources */,
				3E79AC462C8FF282006779D3 /* Frameworks */,
				3E79AC472C8FF282006779D3 /* Resources */,
			);
			buildRules = (
			);
			dependencies = (
				3E79AC4B2C8FF282006779D3 /* PBXTargetDependency */,
			);
			name = LibreCopiaTests;
			productName = LibreCopiaTests;
			productReference = 3E79AC492C8FF282006779D3 /* LibreCopiaTests.xctest */;
			productType = "com.apple.product-type.bundle.unit-test";
		};
		3E79AC522C8FF282006779D3 /* LibreCopiaUITests */ = {
			isa = PBXNativeTarget;
			buildConfigurationList = 3E79AC632C8FF282006779D3 /* Build configuration list for PBXNativeTarget "LibreCopiaUITests" */;
			buildPhases = (
				3E79AC4F2C8FF282006779D3 /* Sources */,
				3E79AC502C8FF282006779D3 /* Frameworks */,
				3E79AC512C8FF282006779D3 /* Resources */,
			);
			buildRules = (
			);
			dependencies = (
				3E79AC552C8FF282006779D3 /* PBXTargetDependency */,
			);
			name = LibreCopiaUITests;
			productName = LibreCopiaUITests;
			productReference = 3E79AC532C8FF282006779D3 /* LibreCopiaUITests.xctest */;
			productType = "com.apple.product-type.bundle.ui-testing";
		};
/* End PBXNativeTarget section */

/* Begin PBXProject section */
		3E79AC312C8FF280006779D3 /* Project object */ = {
			isa = PBXProject;
			attributes = {
				BuildIndependentTargetsInParallel = 1;
				LastSwiftUpdateCheck = 1540;
				LastUpgradeCheck = 1540;
				TargetAttributes = {
					3E79AC382C8FF280006779D3 = {
						CreatedOnToolsVersion = 15.4;
					};
					3E79AC482C8FF282006779D3 = {
						CreatedOnToolsVersion = 15.4;
						TestTargetID = 3E79AC382C8FF280006779D3;
					};
					3E79AC522C8FF282006779D3 = {
						CreatedOnToolsVersion = 15.4;
						TestTargetID = 3E79AC382C8FF280006779D3;
					};
				};
			};
			buildConfigurationList = 3E79AC342C8FF280006779D3 /* Build configuration list for PBXProject "LibreCopia" */;
			compatibilityVersion = "Xcode 14.0";
			developmentRegion = en;
			hasScannedForEncodings = 0;
			knownRegions = (
				en,
				Base,
			);
			mainGroup = 3E79AC302C8FF280006779D3;
			productRefGroup = 3E79AC3A2C8FF281006779D3 /* Products */;
			projectDirPath = "";
			projectRoot = "";
			targets = (
				3E79AC382C8FF280006779D3 /* LibreCopia */,
				3E79AC482C8FF282006779D3 /* LibreCopiaTests */,
				3E79AC522C8FF282006779D3 /* LibreCopiaUITests */,
			);
		};
/* End PBXProject section */

/* Begin PBXResourcesBuildPhase section */
		3E79AC372C8FF280006779D3 /* Resources */ = {
			isa = PBXResourcesBuildPhase;
			buildActionMask = 2147483647;
			files = (
				3E79AC442C8FF282006779D3 /* Preview Assets.xcassets in Resources */,
				3E79AC412C8FF282006779D3 /* Assets.xcassets in Resources */,
			);
			runOnlyForDeploymentPostprocessing = 0;
		};
		3E79AC472C8FF282006779D3 /* Resources */ = {
			isa = PBXResourcesBuildPhase;
			buildActionMask = 2147483647;
			files = (
			);
			runOnlyForDeploymentPostprocessing = 0;
		};
		3E79AC512C8FF282006779D3 /* Resources */ = {
			isa = PBXResourcesBuildPhase;
			buildActionMask = 2147483647;
			files = (
			);
			runOnlyForDeploymentPostprocessing = 0;
		};
/* End PBXResourcesBuildPhase section */

/* Begin PBXSourcesBuildPhase section */
		3E79AC352C8FF280006779D3 /* Sources */ = {
			isa = PBXSourcesBuildPhase;
			buildActionMask = 2147483647;
			files = (
				3E79AC3F2C8FF281006779D3 /* ContentView.swift in Sources */,
				3E79AC3D2C8FF281006779D3 /* LibreCopiaApp.swift in Sources */,
			);
			runOnlyForDeploymentPostprocessing = 0;
		};
		3E79AC452C8FF282006779D3 /* Sources */ = {
			isa = PBXSourcesBuildPhase;
			buildActionMask = 2147483647;
			files = (
				3E79AC4E2C8FF282006779D3 /* LibreCopiaTests.swift in Sources */,
			);
			runOnlyForDeploymentPostprocessing = 0;
		};
		3E79AC4F2C8FF282006779D3 /* Sources */ = {
			isa = PBXSourcesBuildPhase;
			buildActionMask = 2147483647;
			files = (
				3E79AC5A2C8FF282006779D3 /* LibreCopiaUITestsLaunchTests.swift in Sources */,
				3E79AC582C8FF282006779D3 /* LibreCopiaUITests.swift in Sources */,
			);
			runOnlyForDeploymentPostprocessing = 0;
		};
/* End PBXSourcesBuildPhase section */

/* Begin PBXTargetDependency section */
		3E79AC4B2C8FF282006779D3 /* PBXTargetDependency */ = {
			isa = PBXTargetDependency;
			target = 3E79AC382C8FF280006779D3 /* LibreCopia */;
			targetProxy = 3E79AC4A2C8FF282006779D3 /* PBXContainerItemProxy */;
		};
		3E79AC552C8FF282006779D3 /* PBXTargetDependency */ = {
			isa = PBXTargetDependency;
			target = 3E79AC382C8FF280006779D3 /* LibreCopia */;
			targetProxy = 3E79AC542C8FF282006779D3 /* PBXContainerItemProxy */;
		};
/* End PBXTargetDependency section */

/* Begin XCBuildConfiguration section */
		3E79AC5B2C8FF282006779D3 /* Debug */ = {
			isa = XCBuildConfiguration;
			buildSettings = {
				ALWAYS_SEARCH_USER_PATHS = NO;
				ASSETCATALOG_COMPILER_GENERATE_SWIFT_ASSET_SYMBOL_EXTENSIONS = YES;
				CLANG_ANALYZER_NONNULL = YES;
				CLANG_ANALYZER_NUMBER_OBJECT_CONVERSION = YES_AGGRESSIVE;
				CLANG_CXX_LANGUAGE_STANDARD = "gnu++20";
				CLANG_ENABLE_MODULES = YES;
				CLANG_ENABLE_OBJC_ARC = YES;
				CLANG_ENABLE_OBJC_WEAK = YES;
				CLANG_WARN_BLOCK_CAPTURE_AUTORELEASING = YES;
				CLANG_WARN_BOOL_CONVERSION = YES;
				CLANG_WARN_COMMA = YES;
				CLANG_WARN_CONSTANT_CONVERSION = YES;
				CLANG_WARN_DEPRECATED_OBJC_IMPLEMENTATIONS = YES;
				CLANG_WARN_DIRECT_OBJC_ISA_USAGE = YES_ERROR;
				CLANG_WARN_DOCUMENTATION_COMMENTS = YES;
				CLANG_WARN_EMPTY_BODY = YES;
				CLANG_WARN_ENUM_CONVERSION = YES;
				CLANG_WARN_INFINITE_RECURSION = YES;
				CLANG_WARN_INT_CONVERSION = YES;
				CLANG_WARN_NON_LITERAL_NULL_CONVERSION = YES;
				CLANG_WARN_OBJC_IMPLICIT_RETAIN_SELF = YES;
				CLANG_WARN_OBJC_LITERAL_CONVERSION = YES;
				CLANG_WARN_OBJC_ROOT_CLASS = YES_ERROR;
				CLANG_WARN_QUOTED_INCLUDE_IN_FRAMEWORK_HEADER = YES;
				CLANG_WARN_RANGE_LOOP_ANALYSIS = YES;
				CLANG_WARN_STRICT_PROTOTYPES = YES;
				CLANG_WARN_SUSPICIOUS_MOVE = YES;
				CLANG_WARN_UNGUARDED_AVAILABILITY = YES_AGGRESSIVE;
				CLANG_WARN_UNREACHABLE_CODE = YES;
				CLANG_WARN__DUPLICATE_METHOD_MATCH = YES;
				COPY_PHASE_STRIP = NO;
				DEBUG_INFORMATION_FORMAT = dwarf;
				ENABLE_STRICT_OBJC_MSGSEND = YES;
				ENABLE_TESTABILITY = YES;
				ENABLE_USER_SCRIPT_SANDBOXING = YES;
				GCC_C_LANGUAGE_STANDARD = gnu17;
				GCC_DYNAMIC_NO_PIC = NO;
				GCC_NO_COMMON_BLOCKS = YES;
				GCC_OPTIMIZATION_LEVEL = 0;
				GCC_PREPROCESSOR_DEFINITIONS = (
					"DEBUG=1",
					"$(inherited)",
				);
				GCC_WARN_64_TO_32_BIT_CONVERSION = YES;
				GCC_WARN_ABOUT_RETURN_TYPE = YES_ERROR;
				GCC_WARN_UNDECLARED_SELECTOR = YES;
				GCC_WARN_UNINITIALIZED_AUTOS = YES_AGGRESSIVE;
				GCC_WARN_UNUSED_FUNCTION = YES;
				GCC_WARN_UNUSED_VARIABLE = YES;
				IPHONEOS_DEPLOYMENT_TARGET = 17.5;
				LOCALIZATION_PREFERS_STRING_CATALOGS = YES;
				MTL_ENABLE_DEBUG_INFO = INCLUDE_SOURCE;
				MTL_FAST_MATH = YES;
				ONLY_ACTIVE_ARCH = YES;
				SDKROOT = iphoneos;
				SWIFT_ACTIVE_COMPILATION_CONDITIONS = "DEBUG $(inherited)";
				SWIFT_OPTIMIZATION_LEVEL = "-Onone";
			};
			name = Debug;
		};
		3E79AC5C2C8FF282006779D3 /* Release */ = {
			isa = XCBuildConfiguration;
			buildSettings = {
				ALWAYS_SEARCH_USER_PATHS = NO;
				ASSETCATALOG_COMPILER_GENERATE_SWIFT_ASSET_SYMBOL_EXTENSIONS = YES;
				CLANG_ANALYZER_NONNULL = YES;
				CLANG_ANALYZER_NUMBER_OBJECT_CONVERSION = YES_AGGRESSIVE;
				CLANG_CXX_LANGUAGE_STANDARD = "gnu++20";
				CLANG_ENABLE_MODULES = YES;
				CLANG_ENABLE_OBJC_ARC = YES;
				CLANG_ENABLE_OBJC_WEAK = YES;
				CLANG_WARN_BLOCK_CAPTURE_AUTORELEASING = YES;
				CLANG_WARN_BOOL_CONVERSION = YES;
				CLANG_WARN_COMMA = YES;
				CLANG_WARN_CONSTANT_CONVERSION = YES;
				CLANG_WARN_DEPRECATED_OBJC_IMPLEMENTATIONS = YES;
				CLANG_WARN_DIRECT_OBJC_ISA_USAGE = YES_ERROR;
				CLANG_WARN_DOCUMENTATION_COMMENTS = YES;
				CLANG_WARN_EMPTY_BODY = YES;
				CLANG_WARN_ENUM_CONVERSION = YES;
				CLANG_WARN_INFINITE_RECURSION = YES;
				CLANG_WARN_INT_CONVERSION = YES;
				CLANG_WARN_NON_LITERAL_NULL_CONVERSION = YES;
				CLANG_WARN_OBJC_IMPLICIT_RETAIN_SELF = YES;
				CLANG_WARN_OBJC_LITERAL_CONVERSION = YES;
				CLANG_WARN_OBJC_ROOT_CLASS = YES_ERROR;
				CLANG_WARN_QUOTED_INCLUDE_IN_FRAMEWORK_HEADER = YES;
				CLANG_WARN_RANGE_LOOP_ANALYSIS = YES;
				CLANG_WARN_STRICT_PROTOTYPES = YES;
				CLANG_WARN_SUSPICIOUS_MOVE = YES;
				CLANG_WARN_UNGUARDED_AVAILABILITY = YES_AGGRESSIVE;
				CLANG_WARN_UNREACHABLE_CODE = YES;
				CLANG_WARN__DUPLICATE_METHOD_MATCH = YES;
				COPY_PHASE_STRIP = NO;
				DEBUG_INFORMATION_FORMAT = "dwarf-with-dsym";
				ENABLE_NS_ASSERTIONS = NO;
				ENABLE_STRICT_OBJC_MSGSEND = YES;
				ENABLE_USER_SCRIPT_SANDBOXING = YES;
				GCC_C_LANGUAGE_STANDARD = gnu17;
				GCC_NO_COMMON_BLOCKS = YES;
				GCC_WARN_64_TO_32_BIT_CONVERSION = YES;
				GCC_WARN_ABOUT_RETURN_TYPE = YES_ERROR;
				GCC_WARN_UNDECLARED_SELECTOR = YES;
				GCC_WARN_UNINITIALIZED_AUTOS = YES_AGGRESSIVE;
				GCC_WARN_UNUSED_FUNCTION = YES;
				GCC_WARN_UNUSED_VARIABLE = YES;
				IPHONEOS_DEPLOYMENT_TARGET = 17.5;
				LOCALIZATION_PREFERS_STRING_CATALOGS = YES;
				MTL_ENABLE_DEBUG_INFO = NO;
				MTL_FAST_MATH = YES;
				SDKROOT = iphoneos;
				SWIFT_COMPILATION_MODE = wholemodule;
				VALIDATE_PRODUCT = YES;
			};
			name = Release;
		};
		3E79AC5E2C8FF282006779D3 /* Debug */ = {
			isa = XCBuildConfiguration;
			buildSettings = {
				ASSETCATALOG_COMPILER_APPICON_NAME = AppIcon;
				ASSETCATALOG_COMPILER_GLOBAL_ACCENT_COLOR_NAME = AccentColor;
				CODE_SIGN_STYLE = Automatic;
				CURRENT_PROJECT_VERSION = 1;
				DEVELOPMENT_ASSET_PATHS = "\"LibreCopia/Preview Content\"";
				ENABLE_PREVIEWS = YES;
				GENERATE_INFOPLIST_FILE = YES;
				INFOPLIST_KEY_UIApplicationSceneManifest_Generation = YES;
				INFOPLIST_KEY_UIApplicationSupportsIndirectInputEvents = YES;
				INFOPLIST_KEY_UILaunchScreen_Generation = YES;
				INFOPLIST_KEY_UISupportedInterfaceOrientations_iPad = "UIInterfaceOrientationPortrait UIInterfaceOrientationPortraitUpsideDown UIInterfaceOrientationLandscapeLeft UIInterfaceOrientationLandscapeRight";
				INFOPLIST_KEY_UISupportedInterfaceOrientations_iPhone = "UIInterfaceOrientationPortrait UIInterfaceOrientationLandscapeLeft UIInterfaceOrientationLandscapeRight";
				LD_RUNPATH_SEARCH_PATHS = (
					"$(inherited)",
					"@executable_path/Frameworks",
				);
				MARKETING_VERSION = 1.0;
				PRODUCT_BUNDLE_IDENTIFIER = com.softydev.LibreCopia;
				PRODUCT_NAME = "$(TARGET_NAME)";
				SWIFT_EMIT_LOC_STRINGS = YES;
				SWIFT_VERSION = 5.0;
				TARGETED_DEVICE_FAMILY = "1,2";
			};
			name = Debug;
		};
		3E79AC5F2C8FF282006779D3 /* Release */ = {
			isa = XCBuildConfiguration;
			buildSettings = {
				ASSETCATALOG_COMPILER_APPICON_NAME = AppIcon;
				ASSETCATALOG_COMPILER_GLOBAL_ACCENT_COLOR_NAME = AccentColor;
				CODE_SIGN_STYLE = Automatic;
				CURRENT_PROJECT_VERSION = 1;
				DEVELOPMENT_ASSET_PATHS = "\"LibreCopia/Preview Content\"";
				ENABLE_PREVIEWS = YES;
				GENERATE_INFOPLIST_FILE = YES;
				INFOPLIST_KEY_UIApplicationSceneManifest_Generation = YES;
				INFOPLIST_KEY_UIApplicationSupportsIndirectInputEvents = YES;
				INFOPLIST_KEY_UILaunchScreen_Generation = YES;
				INFOPLIST_KEY_UISupportedInterfaceOrientations_iPad = "UIInterfaceOrientationPortrait UIInterfaceOrientationPortraitUpsideDown UIInterfaceOrientationLandscapeLeft UIInterfaceOrientationLandscapeRight";
				INFOPLIST_KEY_UISupportedInterfaceOrientations_iPhone = "UIInterfaceOrientationPortrait UIInterfaceOrientationLandscapeLeft UIInterfaceOrientationLandscapeRight";
				LD_RUNPATH_SEARCH_PATHS = (
					"$(inherited)",
					"@executable_path/Frameworks",
				);
				MARKETING_VERSION = 1.0;
				PRODUCT_BUNDLE_IDENTIFIER = com.softydev.LibreCopia;
				PRODUCT_NAME = "$(TARGET_NAME)";
				SWIFT_EMIT_LOC_STRINGS = YES;
				SWIFT_VERSION = 5.0;
				TARGETED_DEVICE_FAMILY = "1,2";
			};
			name = Release;
		};
		3E79AC612C8FF282006779D3 /* Debug */ = {
			isa = XCBuildConfiguration;
			buildSettings = {
				ALWAYS_EMBED_SWIFT_STANDARD_LIBRARIES = YES;
				BUNDLE_LOADER = "$(TEST_HOST)";
				CODE_SIGN_STYLE = Automatic;
				CURRENT_PROJECT_VERSION = 1;
				GENERATE_INFOPLIST_FILE = YES;
				IPHONEOS_DEPLOYMENT_TARGET = 17.5;
				MARKETING_VERSION = 1.0;
				PRODUCT_BUNDLE_IDENTIFIER = com.softydev.LibreCopiaTests;
				PRODUCT_NAME = "$(TARGET_NAME)";
				SWIFT_EMIT_LOC_STRINGS = NO;
				SWIFT_VERSION = 5.0;
				TARGETED_DEVICE_FAMILY = "1,2";
				TEST_HOST = "$(BUILT_PRODUCTS_DIR)/LibreCopia.app/$(BUNDLE_EXECUTABLE_FOLDER_PATH)/LibreCopia";
			};
			name = Debug;
		};
		3E79AC622C8FF282006779D3 /* Release */ = {
			isa = XCBuildConfiguration;
			buildSettings = {
				ALWAYS_EMBED_SWIFT_STANDARD_LIBRARIES = YES;
				BUNDLE_LOADER = "$(TEST_HOST)";
				CODE_SIGN_STYLE = Automatic;
				CURRENT_PROJECT_VERSION = 1;
				GENERATE_INFOPLIST_FILE = YES;
				IPHONEOS_DEPLOYMENT_TARGET = 17.5;
				MARKETING_VERSION = 1.0;
				PRODUCT_BUNDLE_IDENTIFIER = com.softydev.LibreCopiaTests;
				PRODUCT_NAME = "$(TARGET_NAME)";
				SWIFT_EMIT_LOC_STRINGS = NO;
				SWIFT_VERSION = 5.0;
				TARGETED_DEVICE_FAMILY = "1,2";
				TEST_HOST = "$(BUILT_PRODUCTS_DIR)/LibreCopia.app/$(BUNDLE_EXECUTABLE_FOLDER_PATH)/LibreCopia";
			};
			name = Release;
		};
		3E79AC642C8FF282006779D3 /* Debug */ = {
			isa = XCBuildConfiguration;
			buildSettings = {
				ALWAYS_EMBED_SWIFT_STANDARD_LIBRARIES = YES;
				CODE_SIGN_STYLE = Automatic;
				CURRENT_PROJECT_VERSION = 1;
				GENERATE_INFOPLIST_FILE = YES;
				MARKETING_VERSION = 1.0;
				PRODUCT_BUNDLE_IDENTIFIER = com.softydev.LibreCopiaUITests;
				PRODUCT_NAME = "$(TARGET_NAME)";
				SWIFT_EMIT_LOC_STRINGS = NO;
				SWIFT_VERSION = 5.0;
				TARGETED_DEVICE_FAMILY = "1,2";
				TEST_TARGET_NAME = LibreCopia;
			};
			name = Debug;
		};
		3E79AC652C8FF282006779D3 /* Release */ = {
			isa = XCBuildConfiguration;
			buildSettings = {
				ALWAYS_EMBED_SWIFT_STANDARD_LIBRARIES = YES;
				CODE_SIGN_STYLE = Automatic;
				CURRENT_PROJECT_VERSION = 1;
				GENERATE_INFOPLIST_FILE = YES;
				MARKETING_VERSION = 1.0;
				PRODUCT_BUNDLE_IDENTIFIER = com.softydev.LibreCopiaUITests;
				PRODUCT_NAME = "$(TARGET_NAME)";
				SWIFT_EMIT_LOC_STRINGS = NO;
				SWIFT_VERSION = 5.0;
				TARGETED_DEVICE_FAMILY = "1,2";
				TEST_TARGET_NAME = LibreCopia;
			};
			name = Release;
		};
/* End XCBuildConfiguration section */

/* Begin XCConfigurationList section */
		3E79AC342C8FF280006779D3 /* Build configuration list for PBXProject "LibreCopia" */ = {
			isa = XCConfigurationList;
			buildConfigurations = (
				3E79AC5B2C8FF282006779D3 /* Debug */,
				3E79AC5C2C8FF282006779D3 /* Release */,
			);
			defaultConfigurationIsVisible = 0;
			defaultConfigurationName = Release;
		};
		3E79AC5D2C8FF282006779D3 /* Build configuration list for PBXNativeTarget "LibreCopia" */ = {
			isa = XCConfigurationList;
			buildConfigurations = (
				3E79AC5E2C8FF282006779D3 /* Debug */,
				3E79AC5F2C8FF282006779D3 /* Release */,
			);
			defaultConfigurationIsVisible = 0;
			defaultConfigurationName = Release;
		};
		3E79AC602C8FF282006779D3 /* Build configuration list for PBXNativeTarget "LibreCopiaTests" */ = {
			isa = XCConfigurationList;
			buildConfigurations = (
				3E79AC612C8FF282006779D3 /* Debug */,
				3E79AC622C8FF282006779D3 /* Release */,
			);
			defaultConfigurationIsVisible = 0;
			defaultConfigurationName = Release;
		};
		3E79AC632C8FF282006779D3 /* Build configuration list for PBXNativeTarget "LibreCopiaUITests" */ = {
			isa = XCConfigurationList;
			buildConfigurations = (
				3E79AC642C8FF282006779D3 /* Debug */,
				3E79AC652C8FF282006779D3 /* Release */,
			);
			defaultConfigurationIsVisible = 0;
			defaultConfigurationName = Release;
		};
/* End XCConfigurationList section */
	};
	rootObject = 3E79AC312C8FF280006779D3 /* Project object */;
}
